// !$*UTF8*$!
{
	archiveVersion = 1;
	classes = {
	};
	objectVersion = 56;
	objects = {

/* Begin PBXBuildFile section */
		CB7D8AEB297043570053B1A7 /* RFPlaygroundApp.swift in Sources */ = {isa = PBXBuildFile; fileRef = CB7D8AEA297043570053B1A7 /* RFPlaygroundApp.swift */; };
		CB7D8AED297043570053B1A7 /* ContentView.swift in Sources */ = {isa = PBXBuildFile; fileRef = CB7D8AEC297043570053B1A7 /* ContentView.swift */; };
		CB7D8AEF297043580053B1A7 /* Assets.xcassets in Resources */ = {isa = PBXBuildFile; fileRef = CB7D8AEE297043580053B1A7 /* Assets.xcassets */; };
		CB7D8AF3297043580053B1A7 /* Preview Assets.xcassets in Resources */ = {isa = PBXBuildFile; fileRef = CB7D8AF2297043580053B1A7 /* Preview Assets.xcassets */; };
		CB7D8AFD297043580053B1A7 /* RFPlaygroundTests.swift in Sources */ = {isa = PBXBuildFile; fileRef = CB7D8AFC297043580053B1A7 /* RFPlaygroundTests.swift */; };
		CB7D8B07297043580053B1A7 /* RFPlaygroundUITests.swift in Sources */ = {isa = PBXBuildFile; fileRef = CB7D8B06297043580053B1A7 /* RFPlaygroundUITests.swift */; };
		CB7D8B09297043580053B1A7 /* RFPlaygroundUITestsLaunchTests.swift in Sources */ = {isa = PBXBuildFile; fileRef = CB7D8B08297043580053B1A7 /* RFPlaygroundUITestsLaunchTests.swift */; };
		CBD477C9297EEA3100F714E1 /* PurchaseManager.swift in Sources */ = {isa = PBXBuildFile; fileRef = CBD477C8297EEA3100F714E1 /* PurchaseManager.swift */; };
		CBD477CB297EEBD400F714E1 /* TabView.swift in Sources */ = {isa = PBXBuildFile; fileRef = CBD477CA297EEBD400F714E1 /* TabView.swift */; };
		CBD477CD297EEE7D00F714E1 /* PaymentView.swift in Sources */ = {isa = PBXBuildFile; fileRef = CBD477CC297EEE7D00F714E1 /* PaymentView.swift */; };
		CBD477CF297EEEBB00F714E1 /* MainView.swift in Sources */ = {isa = PBXBuildFile; fileRef = CBD477CE297EEEBB00F714E1 /* MainView.swift */; };
/* End PBXBuildFile section */

/* Begin PBXContainerItemProxy section */
		CB7D8AF9297043580053B1A7 /* PBXContainerItemProxy */ = {
			isa = PBXContainerItemProxy;
			containerPortal = CB7D8ADF297043570053B1A7 /* Project object */;
			proxyType = 1;
			remoteGlobalIDString = CB7D8AE6297043570053B1A7;
			remoteInfo = RFPlayground;
		};
		CB7D8B03297043580053B1A7 /* PBXContainerItemProxy */ = {
			isa = PBXContainerItemProxy;
			containerPortal = CB7D8ADF297043570053B1A7 /* Project object */;
			proxyType = 1;
			remoteGlobalIDString = CB7D8AE6297043570053B1A7;
			remoteInfo = RFPlayground;
		};
/* End PBXContainerItemProxy section */

/* Begin PBXFileReference section */
		CB7D8AE7297043570053B1A7 /* RFPlayground.app */ = {isa = PBXFileReference; explicitFileType = wrapper.application; includeInIndex = 0; path = RFPlayground.app; sourceTree = BUILT_PRODUCTS_DIR; };
		CB7D8AEA297043570053B1A7 /* RFPlaygroundApp.swift */ = {isa = PBXFileReference; lastKnownFileType = sourcecode.swift; path = RFPlaygroundApp.swift; sourceTree = "<group>"; };
		CB7D8AEC297043570053B1A7 /* ContentView.swift */ = {isa = PBXFileReference; lastKnownFileType = sourcecode.swift; path = ContentView.swift; sourceTree = "<group>"; };
		CB7D8AEE297043580053B1A7 /* Assets.xcassets */ = {isa = PBXFileReference; lastKnownFileType = folder.assetcatalog; path = Assets.xcassets; sourceTree = "<group>"; };
		CB7D8AF0297043580053B1A7 /* RFPlayground.entitlements */ = {isa = PBXFileReference; lastKnownFileType = text.plist.entitlements; path = RFPlayground.entitlements; sourceTree = "<group>"; };
		CB7D8AF2297043580053B1A7 /* Preview Assets.xcassets */ = {isa = PBXFileReference; lastKnownFileType = folder.assetcatalog; path = "Preview Assets.xcassets"; sourceTree = "<group>"; };
		CB7D8AF8297043580053B1A7 /* RFPlaygroundTests.xctest */ = {isa = PBXFileReference; explicitFileType = wrapper.cfbundle; includeInIndex = 0; path = RFPlaygroundTests.xctest; sourceTree = BUILT_PRODUCTS_DIR; };
		CB7D8AFC297043580053B1A7 /* RFPlaygroundTests.swift */ = {isa = PBXFileReference; lastKnownFileType = sourcecode.swift; path = RFPlaygroundTests.swift; sourceTree = "<group>"; };
		CB7D8B02297043580053B1A7 /* RFPlaygroundUITests.xctest */ = {isa = PBXFileReference; explicitFileType = wrapper.cfbundle; includeInIndex = 0; path = RFPlaygroundUITests.xctest; sourceTree = BUILT_PRODUCTS_DIR; };
		CB7D8B06297043580053B1A7 /* RFPlaygroundUITests.swift */ = {isa = PBXFileReference; lastKnownFileType = sourcecode.swift; path = RFPlaygroundUITests.swift; sourceTree = "<group>"; };
		CB7D8B08297043580053B1A7 /* RFPlaygroundUITestsLaunchTests.swift */ = {isa = PBXFileReference; lastKnownFileType = sourcecode.swift; path = RFPlaygroundUITestsLaunchTests.swift; sourceTree = "<group>"; };
		CB7D8B15297350A30053B1A7 /* MainStoreConfiguration.storekit */ = {isa = PBXFileReference; lastKnownFileType = text; path = MainStoreConfiguration.storekit; sourceTree = "<group>"; };
		CBD477C8297EEA3100F714E1 /* PurchaseManager.swift */ = {isa = PBXFileReference; lastKnownFileType = sourcecode.swift; path = PurchaseManager.swift; sourceTree = "<group>"; };
		CBD477CA297EEBD400F714E1 /* TabView.swift */ = {isa = PBXFileReference; lastKnownFileType = sourcecode.swift; path = TabView.swift; sourceTree = "<group>"; };
		CBD477CC297EEE7D00F714E1 /* PaymentView.swift */ = {isa = PBXFileReference; lastKnownFileType = sourcecode.swift; path = PaymentView.swift; sourceTree = "<group>"; };
		CBD477CE297EEEBB00F714E1 /* MainView.swift */ = {isa = PBXFileReference; lastKnownFileType = sourcecode.swift; path = MainView.swift; sourceTree = "<group>"; };
/* End PBXFileReference section */

/* Begin PBXFrameworksBuildPhase section */
		CB7D8AE4297043570053B1A7 /* Frameworks */ = {
			isa = PBXFrameworksBuildPhase;
			buildActionMask = 2147483647;
			files = (
			);
			runOnlyForDeploymentPostprocessing = 0;
		};
		CB7D8AF5297043580053B1A7 /* Frameworks */ = {
			isa = PBXFrameworksBuildPhase;
			buildActionMask = 2147483647;
			files = (
			);
			runOnlyForDeploymentPostprocessing = 0;
		};
		CB7D8AFF297043580053B1A7 /* Frameworks */ = {
			isa = PBXFrameworksBuildPhase;
			buildActionMask = 2147483647;
			files = (
			);
			runOnlyForDeploymentPostprocessing = 0;
		};
/* End PBXFrameworksBuildPhase section */

/* Begin PBXGroup section */
		CB7D8ADE297043570053B1A7 = {
			isa = PBXGroup;
			children = (
				CB7D8B15297350A30053B1A7 /* MainStoreConfiguration.storekit */,
				CB7D8AE9297043570053B1A7 /* RFPlayground */,
				CB7D8AFB297043580053B1A7 /* RFPlaygroundTests */,
				CB7D8B05297043580053B1A7 /* RFPlaygroundUITests */,
				CB7D8AE8297043570053B1A7 /* Products */,
			);
			sourceTree = "<group>";
		};
		CB7D8AE8297043570053B1A7 /* Products */ = {
			isa = PBXGroup;
			children = (
				CB7D8AE7297043570053B1A7 /* RFPlayground.app */,
				CB7D8AF8297043580053B1A7 /* RFPlaygroundTests.xctest */,
				CB7D8B02297043580053B1A7 /* RFPlaygroundUITests.xctest */,
			);
			name = Products;
			sourceTree = "<group>";
		};
		CB7D8AE9297043570053B1A7 /* RFPlayground */ = {
			isa = PBXGroup;
			children = (
				CB7D8AEA297043570053B1A7 /* RFPlaygroundApp.swift */,
				CB7D8AEC297043570053B1A7 /* ContentView.swift */,
				CBD477CA297EEBD400F714E1 /* TabView.swift */,
				CBD477CE297EEEBB00F714E1 /* MainView.swift */,
				CBD477CC297EEE7D00F714E1 /* PaymentView.swift */,
				CBD477C8297EEA3100F714E1 /* PurchaseManager.swift */,
				CB7D8AEE297043580053B1A7 /* Assets.xcassets */,
				CB7D8AF0297043580053B1A7 /* RFPlayground.entitlements */,
				CB7D8AF1297043580053B1A7 /* Preview Content */,
			);
			path = RFPlayground;
			sourceTree = "<group>";
		};
		CB7D8AF1297043580053B1A7 /* Preview Content */ = {
			isa = PBXGroup;
			children = (
				CB7D8AF2297043580053B1A7 /* Preview Assets.xcassets */,
			);
			path = "Preview Content";
			sourceTree = "<group>";
		};
		CB7D8AFB297043580053B1A7 /* RFPlaygroundTests */ = {
			isa = PBXGroup;
			children = (
				CB7D8AFC297043580053B1A7 /* RFPlaygroundTests.swift */,
			);
			path = RFPlaygroundTests;
			sourceTree = "<group>";
		};
		CB7D8B05297043580053B1A7 /* RFPlaygroundUITests */ = {
			isa = PBXGroup;
			children = (
				CB7D8B06297043580053B1A7 /* RFPlaygroundUITests.swift */,
				CB7D8B08297043580053B1A7 /* RFPlaygroundUITestsLaunchTests.swift */,
			);
			path = RFPlaygroundUITests;
			sourceTree = "<group>";
		};
/* End PBXGroup section */

/* Begin PBXNativeTarget section */
		CB7D8AE6297043570053B1A7 /* RFPlayground */ = {
			isa = PBXNativeTarget;
			buildConfigurationList = CB7D8B0C297043580053B1A7 /* Build configuration list for PBXNativeTarget "RFPlayground" */;
			buildPhases = (
				CB7D8AE3297043570053B1A7 /* Sources */,
				CB7D8AE4297043570053B1A7 /* Frameworks */,
				CB7D8AE5297043570053B1A7 /* Resources */,
			);
			buildRules = (
			);
			dependencies = (
			);
			name = RFPlayground;
			productName = RFPlayground;
			productReference = CB7D8AE7297043570053B1A7 /* RFPlayground.app */;
			productType = "com.apple.product-type.application";
		};
		CB7D8AF7297043580053B1A7 /* RFPlaygroundTests */ = {
			isa = PBXNativeTarget;
			buildConfigurationList = CB7D8B0F297043580053B1A7 /* Build configuration list for PBXNativeTarget "RFPlaygroundTests" */;
			buildPhases = (
				CB7D8AF4297043580053B1A7 /* Sources */,
				CB7D8AF5297043580053B1A7 /* Frameworks */,
				CB7D8AF6297043580053B1A7 /* Resources */,
			);
			buildRules = (
			);
			dependencies = (
				CB7D8AFA297043580053B1A7 /* PBXTargetDependency */,
			);
			name = RFPlaygroundTests;
			productName = RFPlaygroundTests;
			productReference = CB7D8AF8297043580053B1A7 /* RFPlaygroundTests.xctest */;
			productType = "com.apple.product-type.bundle.unit-test";
		};
		CB7D8B01297043580053B1A7 /* RFPlaygroundUITests */ = {
			isa = PBXNativeTarget;
			buildConfigurationList = CB7D8B12297043580053B1A7 /* Build configuration list for PBXNativeTarget "RFPlaygroundUITests" */;
			buildPhases = (
				CB7D8AFE297043580053B1A7 /* Sources */,
				CB7D8AFF297043580053B1A7 /* Frameworks */,
				CB7D8B00297043580053B1A7 /* Resources */,
			);
			buildRules = (
			);
			dependencies = (
				CB7D8B04297043580053B1A7 /* PBXTargetDependency */,
			);
			name = RFPlaygroundUITests;
			productName = RFPlaygroundUITests;
			productReference = CB7D8B02297043580053B1A7 /* RFPlaygroundUITests.xctest */;
			productType = "com.apple.product-type.bundle.ui-testing";
		};
/* End PBXNativeTarget section */

/* Begin PBXProject section */
		CB7D8ADF297043570053B1A7 /* Project object */ = {
			isa = PBXProject;
			attributes = {
				BuildIndependentTargetsInParallel = 1;
				LastSwiftUpdateCheck = 1420;
				LastUpgradeCheck = 1420;
				TargetAttributes = {
					CB7D8AE6297043570053B1A7 = {
						CreatedOnToolsVersion = 14.2;
					};
					CB7D8AF7297043580053B1A7 = {
						CreatedOnToolsVersion = 14.2;
						TestTargetID = CB7D8AE6297043570053B1A7;
					};
					CB7D8B01297043580053B1A7 = {
						CreatedOnToolsVersion = 14.2;
						TestTargetID = CB7D8AE6297043570053B1A7;
					};
				};
			};
			buildConfigurationList = CB7D8AE2297043570053B1A7 /* Build configuration list for PBXProject "RFPlayground" */;
			compatibilityVersion = "Xcode 14.0";
			developmentRegion = en;
			hasScannedForEncodings = 0;
			knownRegions = (
				en,
				Base,
			);
			mainGroup = CB7D8ADE297043570053B1A7;
			productRefGroup = CB7D8AE8297043570053B1A7 /* Products */;
			projectDirPath = "";
			projectRoot = "";
			targets = (
				CB7D8AE6297043570053B1A7 /* RFPlayground */,
				CB7D8AF7297043580053B1A7 /* RFPlaygroundTests */,
				CB7D8B01297043580053B1A7 /* RFPlaygroundUITests */,
			);
		};
/* End PBXProject section */

/* Begin PBXResourcesBuildPhase section */
		CB7D8AE5297043570053B1A7 /* Resources */ = {
			isa = PBXResourcesBuildPhase;
			buildActionMask = 2147483647;
			files = (
				CB7D8AF3297043580053B1A7 /* Preview Assets.xcassets in Resources */,
				CB7D8AEF297043580053B1A7 /* Assets.xcassets in Resources */,
			);
			runOnlyForDeploymentPostprocessing = 0;
		};
		CB7D8AF6297043580053B1A7 /* Resources */ = {
			isa = PBXResourcesBuildPhase;
			buildActionMask = 2147483647;
			files = (
			);
			runOnlyForDeploymentPostprocessing = 0;
		};
		CB7D8B00297043580053B1A7 /* Resources */ = {
			isa = PBXResourcesBuildPhase;
			buildActionMask = 2147483647;
			files = (
			);
			runOnlyForDeploymentPostprocessing = 0;
		};
/* End PBXResourcesBuildPhase section */

/* Begin PBXSourcesBuildPhase section */
		CB7D8AE3297043570053B1A7 /* Sources */ = {
			isa = PBXSourcesBuildPhase;
			buildActionMask = 2147483647;
			files = (
				CB7D8AED297043570053B1A7 /* ContentView.swift in Sources */,
				CBD477CF297EEEBB00F714E1 /* MainView.swift in Sources */,
				CBD477C9297EEA3100F714E1 /* PurchaseManager.swift in Sources */,
				CBD477CB297EEBD400F714E1 /* TabView.swift in Sources */,
				CBD477CD297EEE7D00F714E1 /* PaymentView.swift in Sources */,
				CB7D8AEB297043570053B1A7 /* RFPlaygroundApp.swift in Sources */,
			);
			runOnlyForDeploymentPostprocessing = 0;
		};
		CB7D8AF4297043580053B1A7 /* Sources */ = {
			isa = PBXSourcesBuildPhase;
			buildActionMask = 2147483647;
			files = (
				CB7D8AFD297043580053B1A7 /* RFPlaygroundTests.swift in Sources */,
			);
			runOnlyForDeploymentPostprocessing = 0;
		};
		CB7D8AFE297043580053B1A7 /* Sources */ = {
			isa = PBXSourcesBuildPhase;
			buildActionMask = 2147483647;
			files = (
				CB7D8B07297043580053B1A7 /* RFPlaygroundUITests.swift in Sources */,
				CB7D8B09297043580053B1A7 /* RFPlaygroundUITestsLaunchTests.swift in Sources */,
			);
			runOnlyForDeploymentPostprocessing = 0;
		};
/* End PBXSourcesBuildPhase section */

/* Begin PBXTargetDependency section */
		CB7D8AFA297043580053B1A7 /* PBXTargetDependency */ = {
			isa = PBXTargetDependency;
			target = CB7D8AE6297043570053B1A7 /* RFPlayground */;
			targetProxy = CB7D8AF9297043580053B1A7 /* PBXContainerItemProxy */;
		};
		CB7D8B04297043580053B1A7 /* PBXTargetDependency */ = {
			isa = PBXTargetDependency;
			target = CB7D8AE6297043570053B1A7 /* RFPlayground */;
			targetProxy = CB7D8B03297043580053B1A7 /* PBXContainerItemProxy */;
		};
/* End PBXTargetDependency section */

/* Begin XCBuildConfiguration section */
		CB7D8B0A297043580053B1A7 /* Debug */ = {
			isa = XCBuildConfiguration;
			buildSettings = {
				ALWAYS_SEARCH_USER_PATHS = NO;
				CLANG_ANALYZER_NONNULL = YES;
				CLANG_ANALYZER_NUMBER_OBJECT_CONVERSION = YES_AGGRESSIVE;
				CLANG_CXX_LANGUAGE_STANDARD = "gnu++20";
				CLANG_ENABLE_MODULES = YES;
				CLANG_ENABLE_OBJC_ARC = YES;
				CLANG_ENABLE_OBJC_WEAK = YES;
				CLANG_WARN_BLOCK_CAPTURE_AUTORELEASING = YES;
				CLANG_WARN_BOOL_CONVERSION = YES;
				CLANG_WARN_COMMA = YES;
				CLANG_WARN_CONSTANT_CONVERSION = YES;
				CLANG_WARN_DEPRECATED_OBJC_IMPLEMENTATIONS = YES;
				CLANG_WARN_DIRECT_OBJC_ISA_USAGE = YES_ERROR;
				CLANG_WARN_DOCUMENTATION_COMMENTS = YES;
				CLANG_WARN_EMPTY_BODY = YES;
				CLANG_WARN_ENUM_CONVERSION = YES;
				CLANG_WARN_INFINITE_RECURSION = YES;
				CLANG_WARN_INT_CONVERSION = YES;
				CLANG_WARN_NON_LITERAL_NULL_CONVERSION = YES;
				CLANG_WARN_OBJC_IMPLICIT_RETAIN_SELF = YES;
				CLANG_WARN_OBJC_LITERAL_CONVERSION = YES;
				CLANG_WARN_OBJC_ROOT_CLASS = YES_ERROR;
				CLANG_WARN_QUOTED_INCLUDE_IN_FRAMEWORK_HEADER = YES;
				CLANG_WARN_RANGE_LOOP_ANALYSIS = YES;
				CLANG_WARN_STRICT_PROTOTYPES = YES;
				CLANG_WARN_SUSPICIOUS_MOVE = YES;
				CLANG_WARN_UNGUARDED_AVAILABILITY = YES_AGGRESSIVE;
				CLANG_WARN_UNREACHABLE_CODE = YES;
				CLANG_WARN__DUPLICATE_METHOD_MATCH = YES;
				COPY_PHASE_STRIP = NO;
				DEBUG_INFORMATION_FORMAT = dwarf;
				ENABLE_STRICT_OBJC_MSGSEND = YES;
				ENABLE_TESTABILITY = YES;
				GCC_C_LANGUAGE_STANDARD = gnu11;
				GCC_DYNAMIC_NO_PIC = NO;
				GCC_NO_COMMON_BLOCKS = YES;
				GCC_OPTIMIZATION_LEVEL = 0;
				GCC_PREPROCESSOR_DEFINITIONS = (
					"DEBUG=1",
					"$(inherited)",
				);
				GCC_WARN_64_TO_32_BIT_CONVERSION = YES;
				GCC_WARN_ABOUT_RETURN_TYPE = YES_ERROR;
				GCC_WARN_UNDECLARED_SELECTOR = YES;
				GCC_WARN_UNINITIALIZED_AUTOS = YES_AGGRESSIVE;
				GCC_WARN_UNUSED_FUNCTION = YES;
				GCC_WARN_UNUSED_VARIABLE = YES;
				IPHONEOS_DEPLOYMENT_TARGET = 15.0;
				MTL_ENABLE_DEBUG_INFO = INCLUDE_SOURCE;
				MTL_FAST_MATH = YES;
				ONLY_ACTIVE_ARCH = YES;
				SWIFT_ACTIVE_COMPILATION_CONDITIONS = DEBUG;
				SWIFT_OPTIMIZATION_LEVEL = "-Onone";
			};
			name = Debug;
		};
		CB7D8B0B297043580053B1A7 /* Release */ = {
			isa = XCBuildConfiguration;
			buildSettings = {
				ALWAYS_SEARCH_USER_PATHS = NO;
				CLANG_ANALYZER_NONNULL = YES;
				CLANG_ANALYZER_NUMBER_OBJECT_CONVERSION = YES_AGGRESSIVE;
				CLANG_CXX_LANGUAGE_STANDARD = "gnu++20";
				CLANG_ENABLE_MODULES = YES;
				CLANG_ENABLE_OBJC_ARC = YES;
				CLANG_ENABLE_OBJC_WEAK = YES;
				CLANG_WARN_BLOCK_CAPTURE_AUTORELEASING = YES;
				CLANG_WARN_BOOL_CONVERSION = YES;
				CLANG_WARN_COMMA = YES;
				CLANG_WARN_CONSTANT_CONVERSION = YES;
				CLANG_WARN_DEPRECATED_OBJC_IMPLEMENTATIONS = YES;
				CLANG_WARN_DIRECT_OBJC_ISA_USAGE = YES_ERROR;
				CLANG_WARN_DOCUMENTATION_COMMENTS = YES;
				CLANG_WARN_EMPTY_BODY = YES;
				CLANG_WARN_ENUM_CONVERSION = YES;
				CLANG_WARN_INFINITE_RECURSION = YES;
				CLANG_WARN_INT_CONVERSION = YES;
				CLANG_WARN_NON_LITERAL_NULL_CONVERSION = YES;
				CLANG_WARN_OBJC_IMPLICIT_RETAIN_SELF = YES;
				CLANG_WARN_OBJC_LITERAL_CONVERSION = YES;
				CLANG_WARN_OBJC_ROOT_CLASS = YES_ERROR;
				CLANG_WARN_QUOTED_INCLUDE_IN_FRAMEWORK_HEADER = YES;
				CLANG_WARN_RANGE_LOOP_ANALYSIS = YES;
				CLANG_WARN_STRICT_PROTOTYPES = YES;
				CLANG_WARN_SUSPICIOUS_MOVE = YES;
				CLANG_WARN_UNGUARDED_AVAILABILITY = YES_AGGRESSIVE;
				CLANG_WARN_UNREACHABLE_CODE = YES;
				CLANG_WARN__DUPLICATE_METHOD_MATCH = YES;
				COPY_PHASE_STRIP = NO;
				DEBUG_INFORMATION_FORMAT = "dwarf-with-dsym";
				ENABLE_NS_ASSERTIONS = NO;
				ENABLE_STRICT_OBJC_MSGSEND = YES;
				GCC_C_LANGUAGE_STANDARD = gnu11;
				GCC_NO_COMMON_BLOCKS = YES;
				GCC_WARN_64_TO_32_BIT_CONVERSION = YES;
				GCC_WARN_ABOUT_RETURN_TYPE = YES_ERROR;
				GCC_WARN_UNDECLARED_SELECTOR = YES;
				GCC_WARN_UNINITIALIZED_AUTOS = YES_AGGRESSIVE;
				GCC_WARN_UNUSED_FUNCTION = YES;
				GCC_WARN_UNUSED_VARIABLE = YES;
				IPHONEOS_DEPLOYMENT_TARGET = 15.0;
				MTL_ENABLE_DEBUG_INFO = NO;
				MTL_FAST_MATH = YES;
				SWIFT_COMPILATION_MODE = wholemodule;
				SWIFT_OPTIMIZATION_LEVEL = "-O";
			};
			name = Release;
		};
		CB7D8B0D297043580053B1A7 /* Debug */ = {
			isa = XCBuildConfiguration;
			buildSettings = {
				ASSETCATALOG_COMPILER_APPICON_NAME = AppIcon;
				ASSETCATALOG_COMPILER_GLOBAL_ACCENT_COLOR_NAME = AccentColor;
				CODE_SIGN_ENTITLEMENTS = RFPlayground/RFPlayground.entitlements;
				CODE_SIGN_STYLE = Automatic;
				CURRENT_PROJECT_VERSION = 1;
				DEVELOPMENT_ASSET_PATHS = "\"RFPlayground/Preview Content\"";
				DEVELOPMENT_TEAM = 98P5NU98KG;
				ENABLE_HARDENED_RUNTIME = YES;
				ENABLE_PREVIEWS = YES;
				GENERATE_INFOPLIST_FILE = YES;
				"INFOPLIST_KEY_UIApplicationSceneManifest_Generation[sdk=iphoneos*]" = YES;
				"INFOPLIST_KEY_UIApplicationSceneManifest_Generation[sdk=iphonesimulator*]" = YES;
				"INFOPLIST_KEY_UIApplicationSupportsIndirectInputEvents[sdk=iphoneos*]" = YES;
				"INFOPLIST_KEY_UIApplicationSupportsIndirectInputEvents[sdk=iphonesimulator*]" = YES;
				"INFOPLIST_KEY_UILaunchScreen_Generation[sdk=iphoneos*]" = YES;
				"INFOPLIST_KEY_UILaunchScreen_Generation[sdk=iphonesimulator*]" = YES;
				"INFOPLIST_KEY_UIStatusBarStyle[sdk=iphoneos*]" = UIStatusBarStyleDefault;
				"INFOPLIST_KEY_UIStatusBarStyle[sdk=iphonesimulator*]" = UIStatusBarStyleDefault;
				INFOPLIST_KEY_UISupportedInterfaceOrientations_iPad = "UIInterfaceOrientationPortrait UIInterfaceOrientationPortraitUpsideDown UIInterfaceOrientationLandscapeLeft UIInterfaceOrientationLandscapeRight";
				INFOPLIST_KEY_UISupportedInterfaceOrientations_iPhone = "UIInterfaceOrientationPortrait UIInterfaceOrientationLandscapeLeft UIInterfaceOrientationLandscapeRight";
				IPHONEOS_DEPLOYMENT_TARGET = 15.0;
				LD_RUNPATH_SEARCH_PATHS = "@executable_path/Frameworks";
				"LD_RUNPATH_SEARCH_PATHS[sdk=macosx*]" = "@executable_path/../Frameworks";
				MACOSX_DEPLOYMENT_TARGET = 12.5;
				MARKETING_VERSION = 1.0;
				PRODUCT_BUNDLE_IDENTIFIER = RFPlayground.RFPlayground;
				PRODUCT_NAME = "$(TARGET_NAME)";
				SDKROOT = auto;
				SUPPORTED_PLATFORMS = "iphoneos iphonesimulator macosx";
				SWIFT_EMIT_LOC_STRINGS = YES;
				SWIFT_VERSION = 5.0;
				TARGETED_DEVICE_FAMILY = "1,2";
			};
			name = Debug;
		};
		CB7D8B0E297043580053B1A7 /* Release */ = {
			isa = XCBuildConfiguration;
			buildSettings = {
				ASSETCATALOG_COMPILER_APPICON_NAME = AppIcon;
				ASSETCATALOG_COMPILER_GLOBAL_ACCENT_COLOR_NAME = AccentColor;
				CODE_SIGN_ENTITLEMENTS = RFPlayground/RFPlayground.entitlements;
				CODE_SIGN_STYLE = Automatic;
				CURRENT_PROJECT_VERSION = 1;
				DEVELOPMENT_ASSET_PATHS = "\"RFPlayground/Preview Content\"";
				DEVELOPMENT_TEAM = 98P5NU98KG;
				ENABLE_HARDENED_RUNTIME = YES;
				ENABLE_PREVIEWS = YES;
				GENERATE_INFOPLIST_FILE = YES;
				"INFOPLIST_KEY_UIApplicationSceneManifest_Generation[sdk=iphoneos*]" = YES;
				"INFOPLIST_KEY_UIApplicationSceneManifest_Generation[sdk=iphonesimulator*]" = YES;
				"INFOPLIST_KEY_UIApplicationSupportsIndirectInputEvents[sdk=iphoneos*]" = YES;
				"INFOPLIST_KEY_UIApplicationSupportsIndirectInputEvents[sdk=iphonesimulator*]" = YES;
				"INFOPLIST_KEY_UILaunchScreen_Generation[sdk=iphoneos*]" = YES;
				"INFOPLIST_KEY_UILaunchScreen_Generation[sdk=iphonesimulator*]" = YES;
				"INFOPLIST_KEY_UIStatusBarStyle[sdk=iphoneos*]" = UIStatusBarStyleDefault;
				"INFOPLIST_KEY_UIStatusBarStyle[sdk=iphonesimulator*]" = UIStatusBarStyleDefault;
				INFOPLIST_KEY_UISupportedInterfaceOrientations_iPad = "UIInterfaceOrientationPortrait UIInterfaceOrientationPortraitUpsideDown UIInterfaceOrientationLandscapeLeft UIInterfaceOrientationLandscapeRight";
				INFOPLIST_KEY_UISupportedInterfaceOrientations_iPhone = "UIInterfaceOrientationPortrait UIInterfaceOrientationLandscapeLeft UIInterfaceOrientationLandscapeRight";
				IPHONEOS_DEPLOYMENT_TARGET = 15.0;
				LD_RUNPATH_SEARCH_PATHS = "@executable_path/Frameworks";
				"LD_RUNPATH_SEARCH_PATHS[sdk=macosx*]" = "@executable_path/../Frameworks";
				MACOSX_DEPLOYMENT_TARGET = 12.5;
				MARKETING_VERSION = 1.0;
				PRODUCT_BUNDLE_IDENTIFIER = RFPlayground.RFPlayground;
				PRODUCT_NAME = "$(TARGET_NAME)";
				SDKROOT = auto;
				SUPPORTED_PLATFORMS = "iphoneos iphonesimulator macosx";
				SWIFT_EMIT_LOC_STRINGS = YES;
				SWIFT_VERSION = 5.0;
				TARGETED_DEVICE_FAMILY = "1,2";
			};
			name = Release;
		};
		CB7D8B10297043580053B1A7 /* Debug */ = {
			isa = XCBuildConfiguration;
			buildSettings = {
				ALWAYS_EMBED_SWIFT_STANDARD_LIBRARIES = YES;
				BUNDLE_LOADER = "$(TEST_HOST)";
				CODE_SIGN_STYLE = Automatic;
				CURRENT_PROJECT_VERSION = 1;
				DEVELOPMENT_TEAM = 98P5NU98KG;
				GENERATE_INFOPLIST_FILE = YES;
				IPHONEOS_DEPLOYMENT_TARGET = 15.0;
				MACOSX_DEPLOYMENT_TARGET = 12.5;
				MARKETING_VERSION = 1.0;
				PRODUCT_BUNDLE_IDENTIFIER = RFPlayground.RFPlaygroundTests;
				PRODUCT_NAME = "$(TARGET_NAME)";
				SDKROOT = auto;
				SUPPORTED_PLATFORMS = "iphoneos iphonesimulator macosx";
				SWIFT_EMIT_LOC_STRINGS = NO;
				SWIFT_VERSION = 5.0;
				TARGETED_DEVICE_FAMILY = "1,2";
				TEST_HOST = "$(BUILT_PRODUCTS_DIR)/RFPlayground.app/$(BUNDLE_EXECUTABLE_FOLDER_PATH)/RFPlayground";
			};
			name = Debug;
		};
		CB7D8B11297043580053B1A7 /* Release */ = {
			isa = XCBuildConfiguration;
			buildSettings = {
				ALWAYS_EMBED_SWIFT_STANDARD_LIBRARIES = YES;
				BUNDLE_LOADER = "$(TEST_HOST)";
				CODE_SIGN_STYLE = Automatic;
				CURRENT_PROJECT_VERSION = 1;
				DEVELOPMENT_TEAM = 98P5NU98KG;
				GENERATE_INFOPLIST_FILE = YES;
				IPHONEOS_DEPLOYMENT_TARGET = 15.0;
				MACOSX_DEPLOYMENT_TARGET = 12.5;
				MARKETING_VERSION = 1.0;
				PRODUCT_BUNDLE_IDENTIFIER = RFPlayground.RFPlaygroundTests;
				PRODUCT_NAME = "$(TARGET_NAME)";
				SDKROOT = auto;
				SUPPORTED_PLATFORMS = "iphoneos iphonesimulator macosx";
				SWIFT_EMIT_LOC_STRINGS = NO;
				SWIFT_VERSION = 5.0;
				TARGETED_DEVICE_FAMILY = "1,2";
				TEST_HOST = "$(BUILT_PRODUCTS_DIR)/RFPlayground.app/$(BUNDLE_EXECUTABLE_FOLDER_PATH)/RFPlayground";
			};
			name = Release;
		};
		CB7D8B13297043580053B1A7 /* Debug */ = {
			isa = XCBuildConfiguration;
			buildSettings = {
				ALWAYS_EMBED_SWIFT_STANDARD_LIBRARIES = YES;
				CODE_SIGN_STYLE = Automatic;
				CURRENT_PROJECT_VERSION = 1;
				DEVELOPMENT_TEAM = 98P5NU98KG;
				GENERATE_INFOPLIST_FILE = YES;
				IPHONEOS_DEPLOYMENT_TARGET = 15.0;
				MACOSX_DEPLOYMENT_TARGET = 12.5;
				MARKETING_VERSION = 1.0;
				PRODUCT_BUNDLE_IDENTIFIER = RFPlayground.RFPlaygroundUITests;
				PRODUCT_NAME = "$(TARGET_NAME)";
				SDKROOT = auto;
				SUPPORTED_PLATFORMS = "iphoneos iphonesimulator macosx";
				SWIFT_EMIT_LOC_STRINGS = NO;
				SWIFT_VERSION = 5.0;
				TARGETED_DEVICE_FAMILY = "1,2";
				TEST_TARGET_NAME = RFPlayground;
			};
			name = Debug;
		};
		CB7D8B14297043580053B1A7 /* Release */ = {
			isa = XCBuildConfiguration;
			buildSettings = {
				ALWAYS_EMBED_SWIFT_STANDARD_LIBRARIES = YES;
				CODE_SIGN_STYLE = Automatic;
				CURRENT_PROJECT_VERSION = 1;
				DEVELOPMENT_TEAM = 98P5NU98KG;
				GENERATE_INFOPLIST_FILE = YES;
				IPHONEOS_DEPLOYMENT_TARGET = 15.0;
				MACOSX_DEPLOYMENT_TARGET = 12.5;
				MARKETING_VERSION = 1.0;
				PRODUCT_BUNDLE_IDENTIFIER = RFPlayground.RFPlaygroundUITests;
				PRODUCT_NAME = "$(TARGET_NAME)";
				SDKROOT = auto;
				SUPPORTED_PLATFORMS = "iphoneos iphonesimulator macosx";
				SWIFT_EMIT_LOC_STRINGS = NO;
				SWIFT_VERSION = 5.0;
				TARGETED_DEVICE_FAMILY = "1,2";
				TEST_TARGET_NAME = RFPlayground;
			};
			name = Release;
		};
/* End XCBuildConfiguration section */

/* Begin XCConfigurationList section */
		CB7D8AE2297043570053B1A7 /* Build configuration list for PBXProject "RFPlayground" */ = {
			isa = XCConfigurationList;
			buildConfigurations = (
				CB7D8B0A297043580053B1A7 /* Debug */,
				CB7D8B0B297043580053B1A7 /* Release */,
			);
			defaultConfigurationIsVisible = 0;
			defaultConfigurationName = Release;
		};
		CB7D8B0C297043580053B1A7 /* Build configuration list for PBXNativeTarget "RFPlayground" */ = {
			isa = XCConfigurationList;
			buildConfigurations = (
				CB7D8B0D297043580053B1A7 /* Debug */,
				CB7D8B0E297043580053B1A7 /* Release */,
			);
			defaultConfigurationIsVisible = 0;
			defaultConfigurationName = Release;
		};
		CB7D8B0F297043580053B1A7 /* Build configuration list for PBXNativeTarget "RFPlaygroundTests" */ = {
			isa = XCConfigurationList;
			buildConfigurations = (
				CB7D8B10297043580053B1A7 /* Debug */,
				CB7D8B11297043580053B1A7 /* Release */,
			);
			defaultConfigurationIsVisible = 0;
			defaultConfigurationName = Release;
		};
		CB7D8B12297043580053B1A7 /* Build configuration list for PBXNativeTarget "RFPlaygroundUITests" */ = {
			isa = XCConfigurationList;
			buildConfigurations = (
				CB7D8B13297043580053B1A7 /* Debug */,
				CB7D8B14297043580053B1A7 /* Release */,
			);
			defaultConfigurationIsVisible = 0;
			defaultConfigurationName = Release;
		};
/* End XCConfigurationList section */
	};
	rootObject = CB7D8ADF297043570053B1A7 /* Project object */;
}
